
Microsoft Visual Studio Solution File, Format Version 12.00
# Visual Studio Version 16
VisualStudioVersion = 16.0.30711.63
MinimumVisualStudioVersion = 10.0.40219.1
Project("{9A19103F-16F7-4668-BE54-9A1E7A4F7556}") = "Tour", "src\Tour\Tour.csproj", "{2B9BB10E-62F7-4A23-8003-2AF929369756}"
EndProject
Project("{9A19103F-16F7-4668-BE54-9A1E7A4F7556}") = "Application", "src\Application\Application.csproj", "{4FBB02E0-DB85-4C0F-A039-AC8D8AE7DCC8}"
EndProject
Project("{9A19103F-16F7-4668-BE54-9A1E7A4F7556}") = "Domain", "src\Domain\Domain.csproj", "{7A038405-B6E5-4DF7-B4CD-9AC782706CB4}"
EndProject
Project("{9A19103F-16F7-4668-BE54-9A1E7A4F7556}") = "Infrastructure", "src\Infrastructure\Infrastructure.csproj", "{D0E81A99-D83C-49D5-BAA8-04602E8878D7}"
EndProject
Global
	GlobalSection(SolutionConfigurationPlatforms) = preSolution
		Debug|Any CPU = Debug|Any CPU
		Release|Any CPU = Release|Any CPU
	EndGlobalSection
	GlobalSection(ProjectConfigurationPlatforms) = postSolution
		{2B9BB10E-62F7-4A23-8003-2AF929369756}.Debug|Any CPU.ActiveCfg = Debug|Any CPU
		{2B9BB10E-62F7-4A23-8003-2AF929369756}.Debug|Any CPU.Build.0 = Debug|Any CPU
		{2B9BB10E-62F7-4A23-8003-2AF929369756}.Release|Any CPU.ActiveCfg = Release|Any CPU
		{2B9BB10E-62F7-4A23-8003-2AF929369756}.Release|Any CPU.Build.0 = Release|Any CPU
		{4FBB02E0-DB85-4C0F-A039-AC8D8AE7DCC8}.Debug|Any CPU.ActiveCfg = Debug|Any CPU
		{4FBB02E0-DB85-4C0F-A039-AC8D8AE7DCC8}.Debug|Any CPU.Build.0 = Debug|Any CPU
		{4FBB02E0-DB85-4C0F-A039-AC8D8AE7DCC8}.Release|Any CPU.ActiveCfg = Release|Any CPU
		{4FBB02E0-DB85-4C0F-A039-AC8D8AE7DCC8}.Release|Any CPU.Build.0 = Release|Any CPU
		{7A038405-B6E5-4DF7-B4CD-9AC782706CB4}.Debug|Any CPU.ActiveCfg = Debug|Any CPU
		{7A038405-B6E5-4DF7-B4CD-9AC782706CB4}.Debug|Any CPU.Build.0 = Debug|Any CPU
		{7A038405-B6E5-4DF7-B4CD-9AC782706CB4}.Release|Any CPU.ActiveCfg = Release|Any CPU
		{7A038405-B6E5-4DF7-B4CD-9AC782706CB4}.Release|Any CPU.Build.0 = Release|Any CPU
		{D0E81A99-D83C-49D5-BAA8-04602E8878D7}.Debug|Any CPU.ActiveCfg = Debug|Any CPU
		{D0E81A99-D83C-49D5-BAA8-04602E8878D7}.Debug|Any CPU.Build.0 = Debug|Any CPU
		{D0E81A99-D83C-49D5-BAA8-04602E8878D7}.Release|Any CPU.ActiveCfg = Release|Any CPU
		{D0E81A99-D83C-49D5-BAA8-04602E8878D7}.Release|Any CPU.Build.0 = Release|Any CPU
	EndGlobalSection
	GlobalSection(SolutionProperties) = preSolution
		HideSolutionNode = FALSE
	EndGlobalSection
	GlobalSection(ExtensibilityGlobals) = postSolution
		SolutionGuid = {CC610DC7-37B4-4949-BFC7-B5956BC03145}
	EndGlobalSection
EndGlobal
